
Microsoft Visual Studio Solution File, Format Version 12.00
# Visual Studio Version 17
VisualStudioVersion = 17.9.34714.143
MinimumVisualStudioVersion = 10.0.40219.1
Project("{FAE04EC0-301F-11D3-BF4B-00C04F79EFBC}") = "MiniMarket.Presentation", "MiniMarket.Presentation\MiniMarket.Presentation.csproj", "{1A0E2A7B-16D5-4701-B056-45162444FEBF}"
EndProject
Project("{FAE04EC0-301F-11D3-BF4B-00C04F79EFBC}") = "MiniMarket.DataAccess", "MiniMarket.DataAccess\MiniMarket.DataAccess.csproj", "{2B508352-2E87-4C3B-BEA5-16F8385B0545}"
EndProject
Project("{FAE04EC0-301F-11D3-BF4B-00C04F79EFBC}") = "MiniMarket.Models", "MiniMarket.Models\MiniMarket.Models.csproj", "{010B7A4D-BBEB-4342-99E2-E0FC264C5825}"
EndProject
Global
	GlobalSection(SolutionConfigurationPlatforms) = preSolution
		Debug|Any CPU = Debug|Any CPU
		Release|Any CPU = Release|Any CPU
	EndGlobalSection
	GlobalSection(ProjectConfigurationPlatforms) = postSolution
		{1A0E2A7B-16D5-4701-B056-45162444FEBF}.Debug|Any CPU.ActiveCfg = Debug|Any CPU
		{1A0E2A7B-16D5-4701-B056-45162444FEBF}.Debug|Any CPU.Build.0 = Debug|Any CPU
		{1A0E2A7B-16D5-4701-B056-45162444FEBF}.Release|Any CPU.ActiveCfg = Release|Any CPU
		{1A0E2A7B-16D5-4701-B056-45162444FEBF}.Release|Any CPU.Build.0 = Release|Any CPU
		{2B508352-2E87-4C3B-BEA5-16F8385B0545}.Debug|Any CPU.ActiveCfg = Debug|Any CPU
		{2B508352-2E87-4C3B-BEA5-16F8385B0545}.Debug|Any CPU.Build.0 = Debug|Any CPU
		{2B508352-2E87-4C3B-BEA5-16F8385B0545}.Release|Any CPU.ActiveCfg = Release|Any CPU
		{2B508352-2E87-4C3B-BEA5-16F8385B0545}.Release|Any CPU.Build.0 = Release|Any CPU
		{010B7A4D-BBEB-4342-99E2-E0FC264C5825}.Debug|Any CPU.ActiveCfg = Debug|Any CPU
		{010B7A4D-BBEB-4342-99E2-E0FC264C5825}.Debug|Any CPU.Build.0 = Debug|Any CPU
		{010B7A4D-BBEB-4342-99E2-E0FC264C5825}.Release|Any CPU.ActiveCfg = Release|Any CPU
		{010B7A4D-BBEB-4342-99E2-E0FC264C5825}.Release|Any CPU.Build.0 = Release|Any CPU
	EndGlobalSection
	GlobalSection(SolutionProperties) = preSolution
		HideSolutionNode = FALSE
	EndGlobalSection
	GlobalSection(ExtensibilityGlobals) = postSolution
		SolutionGuid = {BC9E08A6-1551-4355-8C72-8BDA7258F025}
	EndGlobalSection
EndGlobal
